
Microsoft Visual Studio Solution File, Format Version 12.00
# Visual Studio Version 17
VisualStudioVersion = 17.7.34024.191
MinimumVisualStudioVersion = 10.0.40219.1
Project("{FAE04EC0-301F-11D3-BF4B-00C04F79EFBC}") = "Clase_2", "Clase_2\Clase_2.csproj", "{6D64C84A-330B-4442-97C9-4B1656D11534}"
EndProject
Global
	GlobalSection(SolutionConfigurationPlatforms) = preSolution
		Debug|Any CPU = Debug|Any CPU
		Release|Any CPU = Release|Any CPU
	EndGlobalSection
	GlobalSection(ProjectConfigurationPlatforms) = postSolution
		{6D64C84A-330B-4442-97C9-4B1656D11534}.Debug|Any CPU.ActiveCfg = Debug|Any CPU
		{6D64C84A-330B-4442-97C9-4B1656D11534}.Debug|Any CPU.Build.0 = Debug|Any CPU
		{6D64C84A-330B-4442-97C9-4B1656D11534}.Release|Any CPU.ActiveCfg = Release|Any CPU
		{6D64C84A-330B-4442-97C9-4B1656D11534}.Release|Any CPU.Build.0 = Release|Any CPU
	EndGlobalSection
	GlobalSection(SolutionProperties) = preSolution
		HideSolutionNode = FALSE
	EndGlobalSection
	GlobalSection(ExtensibilityGlobals) = postSolution
		SolutionGuid = {8019F6BF-802A-4DED-8A4C-C4BE3F855A5C}
	EndGlobalSection
EndGlobal
